{
  "name": "lagrange-contracts-v1",
  "lockfileVersion": 3,
  "requires": true,
  "packages": {
    "": {
      "dependencies": {
        "solidity-rlp": "github:hamdiallam/Solidity-RLP"
      }
    },
    "node_modules/solidity-rlp": {
      "version": "2.0.8",
      "resolved": "git+ssh://git@github.com/hamdiallam/Solidity-RLP.git#0212f8e754471da67fc5387df7855f47f944f925",
      "license": "SEE LICENSE IN LICENSE"
    }
  }
}
